
Microsoft Visual Studio Solution File, Format Version 12.00
# Visual Studio Version 17
VisualStudioVersion = 17.11.35312.102
MinimumVisualStudioVersion = 10.0.40219.1
Project("{FAE04EC0-301F-11D3-BF4B-00C04F79EFBC}") = "API", "API.csproj", "{86AB899D-3AC6-4CFC-BB56-4A209B3484FE}"
EndProject
Global
	GlobalSection(SolutionConfigurationPlatforms) = preSolution
		Debug|Any CPU = Debug|Any CPU
		Release|Any CPU = Release|Any CPU
	EndGlobalSection
	GlobalSection(ProjectConfigurationPlatforms) = postSolution
		{86AB899D-3AC6-4CFC-BB56-4A209B3484FE}.Debug|Any CPU.ActiveCfg = Debug|Any CPU
		{86AB899D-3AC6-4CFC-BB56-4A209B3484FE}.Debug|Any CPU.Build.0 = Debug|Any CPU
		{86AB899D-3AC6-4CFC-BB56-4A209B3484FE}.Release|Any CPU.ActiveCfg = Release|Any CPU
		{86AB899D-3AC6-4CFC-BB56-4A209B3484FE}.Release|Any CPU.Build.0 = Release|Any CPU
	EndGlobalSection
	GlobalSection(SolutionProperties) = preSolution
		HideSolutionNode = FALSE
	EndGlobalSection
	GlobalSection(ExtensibilityGlobals) = postSolution
		SolutionGuid = {B995DC78-4F67-4CFA-91CA-FFC9AF116981}
	EndGlobalSection
EndGlobal
